
Microsoft Visual Studio Solution File, Format Version 12.00
# Visual Studio Version 17
VisualStudioVersion = 17.7.34031.279
MinimumVisualStudioVersion = 10.0.40219.1
Project("{FAE04EC0-301F-11D3-BF4B-00C04F79EFBC}") = "DocsViewer", "DocsViewer\DocsViewer.csproj", "{F51A4104-BC8F-4974-8F93-8939F4F227BE}"
EndProject
Global
	GlobalSection(SolutionConfigurationPlatforms) = preSolution
		Debug|Any CPU = Debug|Any CPU
		Release|Any CPU = Release|Any CPU
	EndGlobalSection
	GlobalSection(ProjectConfigurationPlatforms) = postSolution
		{F51A4104-BC8F-4974-8F93-8939F4F227BE}.Debug|Any CPU.ActiveCfg = Debug|Any CPU
		{F51A4104-BC8F-4974-8F93-8939F4F227BE}.Debug|Any CPU.Build.0 = Debug|Any CPU
		{F51A4104-BC8F-4974-8F93-8939F4F227BE}.Release|Any CPU.ActiveCfg = Release|Any CPU
		{F51A4104-BC8F-4974-8F93-8939F4F227BE}.Release|Any CPU.Build.0 = Release|Any CPU
	EndGlobalSection
	GlobalSection(SolutionProperties) = preSolution
		HideSolutionNode = FALSE
	EndGlobalSection
	GlobalSection(ExtensibilityGlobals) = postSolution
		SolutionGuid = {F38F1121-937E-4AF4-B570-AFBB93E5493C}
	EndGlobalSection
EndGlobal
